// !$*UTF8*$!
{
	archiveVersion = 1;
	classes = {
	};
	objectVersion = 56;
	objects = {

/* Begin PBXBuildFile section */
		E9B0A95B2A5ED28C00140A49 /* AppDelegate.swift in Sources */ = {isa = PBXBuildFile; fileRef = E9B0A95A2A5ED28C00140A49 /* AppDelegate.swift */; };
		E9B0A95D2A5ED28C00140A49 /* SceneDelegate.swift in Sources */ = {isa = PBXBuildFile; fileRef = E9B0A95C2A5ED28C00140A49 /* SceneDelegate.swift */; };
		E9B0A9622A5ED28C00140A49 /* Main.storyboard in Resources */ = {isa = PBXBuildFile; fileRef = E9B0A9602A5ED28C00140A49 /* Main.storyboard */; };
		E9B0A9642A5ED28D00140A49 /* Assets.xcassets in Resources */ = {isa = PBXBuildFile; fileRef = E9B0A9632A5ED28D00140A49 /* Assets.xcassets */; };
		E9B0A9672A5ED28D00140A49 /* LaunchScreen.storyboard in Resources */ = {isa = PBXBuildFile; fileRef = E9B0A9652A5ED28D00140A49 /* LaunchScreen.storyboard */; };
		E9B0A9722A5ED28D00140A49 /* BatThreeTests.swift in Sources */ = {isa = PBXBuildFile; fileRef = E9B0A9712A5ED28D00140A49 /* BatThreeTests.swift */; };
		E9B0A97C2A5ED28D00140A49 /* BatThreeUITests.swift in Sources */ = {isa = PBXBuildFile; fileRef = E9B0A97B2A5ED28D00140A49 /* BatThreeUITests.swift */; };
		E9B0A97E2A5ED28D00140A49 /* BatThreeUITestsLaunchTests.swift in Sources */ = {isa = PBXBuildFile; fileRef = E9B0A97D2A5ED28D00140A49 /* BatThreeUITestsLaunchTests.swift */; };
		E9B0A98B2A5ED2A200140A49 /* YouBike.swift in Sources */ = {isa = PBXBuildFile; fileRef = E9B0A98A2A5ED2A200140A49 /* YouBike.swift */; };
		E9B0A98D2A5ED2F700140A49 /* GetYouBikeInfo.swift in Sources */ = {isa = PBXBuildFile; fileRef = E9B0A98C2A5ED2F700140A49 /* GetYouBikeInfo.swift */; };
		E9B0A98F2A63800400140A49 /* SearchViewController.swift in Sources */ = {isa = PBXBuildFile; fileRef = E9B0A98E2A63800400140A49 /* SearchViewController.swift */; };
		E9B0A9912A63801600140A49 /* MenuTableViewController.swift in Sources */ = {isa = PBXBuildFile; fileRef = E9B0A9902A63801600140A49 /* MenuTableViewController.swift */; };
		E9B0A9932A656B5300140A49 /* CountryTableViewCell.swift in Sources */ = {isa = PBXBuildFile; fileRef = E9B0A9922A656B5300140A49 /* CountryTableViewCell.swift */; };
/* End PBXBuildFile section */

/* Begin PBXContainerItemProxy section */
		E9B0A96E2A5ED28D00140A49 /* PBXContainerItemProxy */ = {
			isa = PBXContainerItemProxy;
			containerPortal = E9B0A94F2A5ED28C00140A49 /* Project object */;
			proxyType = 1;
			remoteGlobalIDString = E9B0A9562A5ED28C00140A49;
			remoteInfo = BatThree;
		};
		E9B0A9782A5ED28D00140A49 /* PBXContainerItemProxy */ = {
			isa = PBXContainerItemProxy;
			containerPortal = E9B0A94F2A5ED28C00140A49 /* Project object */;
			proxyType = 1;
			remoteGlobalIDString = E9B0A9562A5ED28C00140A49;
			remoteInfo = BatThree;
		};
/* End PBXContainerItemProxy section */

/* Begin PBXFileReference section */
		E9B0A9572A5ED28C00140A49 /* BatThree.app */ = {isa = PBXFileReference; explicitFileType = wrapper.application; includeInIndex = 0; path = BatThree.app; sourceTree = BUILT_PRODUCTS_DIR; };
		E9B0A95A2A5ED28C00140A49 /* AppDelegate.swift */ = {isa = PBXFileReference; lastKnownFileType = sourcecode.swift; path = AppDelegate.swift; sourceTree = "<group>"; };
		E9B0A95C2A5ED28C00140A49 /* SceneDelegate.swift */ = {isa = PBXFileReference; lastKnownFileType = sourcecode.swift; path = SceneDelegate.swift; sourceTree = "<group>"; };
		E9B0A9612A5ED28C00140A49 /* Base */ = {isa = PBXFileReference; lastKnownFileType = file.storyboard; name = Base; path = Base.lproj/Main.storyboard; sourceTree = "<group>"; };
		E9B0A9632A5ED28D00140A49 /* Assets.xcassets */ = {isa = PBXFileReference; lastKnownFileType = folder.assetcatalog; path = Assets.xcassets; sourceTree = "<group>"; };
		E9B0A9662A5ED28D00140A49 /* Base */ = {isa = PBXFileReference; lastKnownFileType = file.storyboard; name = Base; path = Base.lproj/LaunchScreen.storyboard; sourceTree = "<group>"; };
		E9B0A9682A5ED28D00140A49 /* Info.plist */ = {isa = PBXFileReference; lastKnownFileType = text.plist.xml; path = Info.plist; sourceTree = "<group>"; };
		E9B0A96D2A5ED28D00140A49 /* BatThreeTests.xctest */ = {isa = PBXFileReference; explicitFileType = wrapper.cfbundle; includeInIndex = 0; path = BatThreeTests.xctest; sourceTree = BUILT_PRODUCTS_DIR; };
		E9B0A9712A5ED28D00140A49 /* BatThreeTests.swift */ = {isa = PBXFileReference; lastKnownFileType = sourcecode.swift; path = BatThreeTests.swift; sourceTree = "<group>"; };
		E9B0A9772A5ED28D00140A49 /* BatThreeUITests.xctest */ = {isa = PBXFileReference; explicitFileType = wrapper.cfbundle; includeInIndex = 0; path = BatThreeUITests.xctest; sourceTree = BUILT_PRODUCTS_DIR; };
		E9B0A97B2A5ED28D00140A49 /* BatThreeUITests.swift */ = {isa = PBXFileReference; lastKnownFileType = sourcecode.swift; path = BatThreeUITests.swift; sourceTree = "<group>"; };
		E9B0A97D2A5ED28D00140A49 /* BatThreeUITestsLaunchTests.swift */ = {isa = PBXFileReference; lastKnownFileType = sourcecode.swift; path = BatThreeUITestsLaunchTests.swift; sourceTree = "<group>"; };
		E9B0A98A2A5ED2A200140A49 /* YouBike.swift */ = {isa = PBXFileReference; lastKnownFileType = sourcecode.swift; path = YouBike.swift; sourceTree = "<group>"; };
		E9B0A98C2A5ED2F700140A49 /* GetYouBikeInfo.swift */ = {isa = PBXFileReference; lastKnownFileType = sourcecode.swift; path = GetYouBikeInfo.swift; sourceTree = "<group>"; };
		E9B0A98E2A63800400140A49 /* SearchViewController.swift */ = {isa = PBXFileReference; lastKnownFileType = sourcecode.swift; path = SearchViewController.swift; sourceTree = "<group>"; };
		E9B0A9902A63801600140A49 /* MenuTableViewController.swift */ = {isa = PBXFileReference; lastKnownFileType = sourcecode.swift; path = MenuTableViewController.swift; sourceTree = "<group>"; };
		E9B0A9922A656B5300140A49 /* CountryTableViewCell.swift */ = {isa = PBXFileReference; lastKnownFileType = sourcecode.swift; path = CountryTableViewCell.swift; sourceTree = "<group>"; };
/* End PBXFileReference section */

/* Begin PBXFrameworksBuildPhase section */
		E9B0A9542A5ED28C00140A49 /* Frameworks */ = {
			isa = PBXFrameworksBuildPhase;
			buildActionMask = 2147483647;
			files = (
			);
			runOnlyForDeploymentPostprocessing = 0;
		};
		E9B0A96A2A5ED28D00140A49 /* Frameworks */ = {
			isa = PBXFrameworksBuildPhase;
			buildActionMask = 2147483647;
			files = (
			);
			runOnlyForDeploymentPostprocessing = 0;
		};
		E9B0A9742A5ED28D00140A49 /* Frameworks */ = {
			isa = PBXFrameworksBuildPhase;
			buildActionMask = 2147483647;
			files = (
			);
			runOnlyForDeploymentPostprocessing = 0;
		};
/* End PBXFrameworksBuildPhase section */

/* Begin PBXGroup section */
		E9B0A94E2A5ED28C00140A49 = {
			isa = PBXGroup;
			children = (
				E9B0A9592A5ED28C00140A49 /* BatThree */,
				E9B0A9702A5ED28D00140A49 /* BatThreeTests */,
				E9B0A97A2A5ED28D00140A49 /* BatThreeUITests */,
				E9B0A9582A5ED28C00140A49 /* Products */,
			);
			sourceTree = "<group>";
		};
		E9B0A9582A5ED28C00140A49 /* Products */ = {
			isa = PBXGroup;
			children = (
				E9B0A9572A5ED28C00140A49 /* BatThree.app */,
				E9B0A96D2A5ED28D00140A49 /* BatThreeTests.xctest */,
				E9B0A9772A5ED28D00140A49 /* BatThreeUITests.xctest */,
			);
			name = Products;
			sourceTree = "<group>";
		};
		E9B0A9592A5ED28C00140A49 /* BatThree */ = {
			isa = PBXGroup;
			children = (
				E9B0A98A2A5ED2A200140A49 /* YouBike.swift */,
				E9B0A98C2A5ED2F700140A49 /* GetYouBikeInfo.swift */,
				E9B0A9922A656B5300140A49 /* CountryTableViewCell.swift */,
				E9B0A95A2A5ED28C00140A49 /* AppDelegate.swift */,
				E9B0A95C2A5ED28C00140A49 /* SceneDelegate.swift */,
				E9B0A9602A5ED28C00140A49 /* Main.storyboard */,
				E9B0A98E2A63800400140A49 /* SearchViewController.swift */,
				E9B0A9902A63801600140A49 /* MenuTableViewController.swift */,
				E9B0A9632A5ED28D00140A49 /* Assets.xcassets */,
				E9B0A9652A5ED28D00140A49 /* LaunchScreen.storyboard */,
				E9B0A9682A5ED28D00140A49 /* Info.plist */,
			);
			path = BatThree;
			sourceTree = "<group>";
		};
		E9B0A9702A5ED28D00140A49 /* BatThreeTests */ = {
			isa = PBXGroup;
			children = (
				E9B0A9712A5ED28D00140A49 /* BatThreeTests.swift */,
			);
			path = BatThreeTests;
			sourceTree = "<group>";
		};
		E9B0A97A2A5ED28D00140A49 /* BatThreeUITests */ = {
			isa = PBXGroup;
			children = (
				E9B0A97B2A5ED28D00140A49 /* BatThreeUITests.swift */,
				E9B0A97D2A5ED28D00140A49 /* BatThreeUITestsLaunchTests.swift */,
			);
			path = BatThreeUITests;
			sourceTree = "<group>";
		};
/* End PBXGroup section */

/* Begin PBXNativeTarget section */
		E9B0A9562A5ED28C00140A49 /* BatThree */ = {
			isa = PBXNativeTarget;
			buildConfigurationList = E9B0A9812A5ED28D00140A49 /* Build configuration list for PBXNativeTarget "BatThree" */;
			buildPhases = (
				E9B0A9532A5ED28C00140A49 /* Sources */,
				E9B0A9542A5ED28C00140A49 /* Frameworks */,
				E9B0A9552A5ED28C00140A49 /* Resources */,
			);
			buildRules = (
			);
			dependencies = (
			);
			name = BatThree;
			productName = BatThree;
			productReference = E9B0A9572A5ED28C00140A49 /* BatThree.app */;
			productType = "com.apple.product-type.application";
		};
		E9B0A96C2A5ED28D00140A49 /* BatThreeTests */ = {
			isa = PBXNativeTarget;
			buildConfigurationList = E9B0A9842A5ED28D00140A49 /* Build configuration list for PBXNativeTarget "BatThreeTests" */;
			buildPhases = (
				E9B0A9692A5ED28D00140A49 /* Sources */,
				E9B0A96A2A5ED28D00140A49 /* Frameworks */,
				E9B0A96B2A5ED28D00140A49 /* Resources */,
			);
			buildRules = (
			);
			dependencies = (
				E9B0A96F2A5ED28D00140A49 /* PBXTargetDependency */,
			);
			name = BatThreeTests;
			productName = BatThreeTests;
			productReference = E9B0A96D2A5ED28D00140A49 /* BatThreeTests.xctest */;
			productType = "com.apple.product-type.bundle.unit-test";
		};
		E9B0A9762A5ED28D00140A49 /* BatThreeUITests */ = {
			isa = PBXNativeTarget;
			buildConfigurationList = E9B0A9872A5ED28D00140A49 /* Build configuration list for PBXNativeTarget "BatThreeUITests" */;
			buildPhases = (
				E9B0A9732A5ED28D00140A49 /* Sources */,
				E9B0A9742A5ED28D00140A49 /* Frameworks */,
				E9B0A9752A5ED28D00140A49 /* Resources */,
			);
			buildRules = (
			);
			dependencies = (
				E9B0A9792A5ED28D00140A49 /* PBXTargetDependency */,
			);
			name = BatThreeUITests;
			productName = BatThreeUITests;
			productReference = E9B0A9772A5ED28D00140A49 /* BatThreeUITests.xctest */;
			productType = "com.apple.product-type.bundle.ui-testing";
		};
/* End PBXNativeTarget section */

/* Begin PBXProject section */
		E9B0A94F2A5ED28C00140A49 /* Project object */ = {
			isa = PBXProject;
			attributes = {
				BuildIndependentTargetsInParallel = 1;
				LastSwiftUpdateCheck = 1430;
				LastUpgradeCheck = 1430;
				TargetAttributes = {
					E9B0A9562A5ED28C00140A49 = {
						CreatedOnToolsVersion = 14.3;
					};
					E9B0A96C2A5ED28D00140A49 = {
						CreatedOnToolsVersion = 14.3;
						TestTargetID = E9B0A9562A5ED28C00140A49;
					};
					E9B0A9762A5ED28D00140A49 = {
						CreatedOnToolsVersion = 14.3;
						TestTargetID = E9B0A9562A5ED28C00140A49;
					};
				};
			};
			buildConfigurationList = E9B0A9522A5ED28C00140A49 /* Build configuration list for PBXProject "BatThree" */;
			compatibilityVersion = "Xcode 14.0";
			developmentRegion = en;
			hasScannedForEncodings = 0;
			knownRegions = (
				en,
				Base,
			);
			mainGroup = E9B0A94E2A5ED28C00140A49;
			productRefGroup = E9B0A9582A5ED28C00140A49 /* Products */;
			projectDirPath = "";
			projectRoot = "";
			targets = (
				E9B0A9562A5ED28C00140A49 /* BatThree */,
				E9B0A96C2A5ED28D00140A49 /* BatThreeTests */,
				E9B0A9762A5ED28D00140A49 /* BatThreeUITests */,
			);
		};
/* End PBXProject section */

/* Begin PBXResourcesBuildPhase section */
		E9B0A9552A5ED28C00140A49 /* Resources */ = {
			isa = PBXResourcesBuildPhase;
			buildActionMask = 2147483647;
			files = (
				E9B0A9672A5ED28D00140A49 /* LaunchScreen.storyboard in Resources */,
				E9B0A9642A5ED28D00140A49 /* Assets.xcassets in Resources */,
				E9B0A9622A5ED28C00140A49 /* Main.storyboard in Resources */,
			);
			runOnlyForDeploymentPostprocessing = 0;
		};
		E9B0A96B2A5ED28D00140A49 /* Resources */ = {
			isa = PBXResourcesBuildPhase;
			buildActionMask = 2147483647;
			files = (
			);
			runOnlyForDeploymentPostprocessing = 0;
		};
		E9B0A9752A5ED28D00140A49 /* Resources */ = {
			isa = PBXResourcesBuildPhase;
			buildActionMask = 2147483647;
			files = (
			);
			runOnlyForDeploymentPostprocessing = 0;
		};
/* End PBXResourcesBuildPhase section */

/* Begin PBXSourcesBuildPhase section */
		E9B0A9532A5ED28C00140A49 /* Sources */ = {
			isa = PBXSourcesBuildPhase;
			buildActionMask = 2147483647;
			files = (
				E9B0A98F2A63800400140A49 /* SearchViewController.swift in Sources */,
				E9B0A95B2A5ED28C00140A49 /* AppDelegate.swift in Sources */,
				E9B0A9912A63801600140A49 /* MenuTableViewController.swift in Sources */,
				E9B0A98D2A5ED2F700140A49 /* GetYouBikeInfo.swift in Sources */,
				E9B0A98B2A5ED2A200140A49 /* YouBike.swift in Sources */,
				E9B0A9932A656B5300140A49 /* CountryTableViewCell.swift in Sources */,
				E9B0A95D2A5ED28C00140A49 /* SceneDelegate.swift in Sources */,
			);
			runOnlyForDeploymentPostprocessing = 0;
		};
		E9B0A9692A5ED28D00140A49 /* Sources */ = {
			isa = PBXSourcesBuildPhase;
			buildActionMask = 2147483647;
			files = (
				E9B0A9722A5ED28D00140A49 /* BatThreeTests.swift in Sources */,
			);
			runOnlyForDeploymentPostprocessing = 0;
		};
		E9B0A9732A5ED28D00140A49 /* Sources */ = {
			isa = PBXSourcesBuildPhase;
			buildActionMask = 2147483647;
			files = (
				E9B0A97E2A5ED28D00140A49 /* BatThreeUITestsLaunchTests.swift in Sources */,
				E9B0A97C2A5ED28D00140A49 /* BatThreeUITests.swift in Sources */,
			);
			runOnlyForDeploymentPostprocessing = 0;
		};
/* End PBXSourcesBuildPhase section */

/* Begin PBXTargetDependency section */
		E9B0A96F2A5ED28D00140A49 /* PBXTargetDependency */ = {
			isa = PBXTargetDependency;
			target = E9B0A9562A5ED28C00140A49 /* BatThree */;
			targetProxy = E9B0A96E2A5ED28D00140A49 /* PBXContainerItemProxy */;
		};
		E9B0A9792A5ED28D00140A49 /* PBXTargetDependency */ = {
			isa = PBXTargetDependency;
			target = E9B0A9562A5ED28C00140A49 /* BatThree */;
			targetProxy = E9B0A9782A5ED28D00140A49 /* PBXContainerItemProxy */;
		};
/* End PBXTargetDependency section */

/* Begin PBXVariantGroup section */
		E9B0A9602A5ED28C00140A49 /* Main.storyboard */ = {
			isa = PBXVariantGroup;
			children = (
				E9B0A9612A5ED28C00140A49 /* Base */,
			);
			name = Main.storyboard;
			sourceTree = "<group>";
		};
		E9B0A9652A5ED28D00140A49 /* LaunchScreen.storyboard */ = {
			isa = PBXVariantGroup;
			children = (
				E9B0A9662A5ED28D00140A49 /* Base */,
			);
			name = LaunchScreen.storyboard;
			sourceTree = "<group>";
		};
/* End PBXVariantGroup section */

/* Begin XCBuildConfiguration section */
		E9B0A97F2A5ED28D00140A49 /* Debug */ = {
			isa = XCBuildConfiguration;
			buildSettings = {
				ALWAYS_SEARCH_USER_PATHS = NO;
				CLANG_ANALYZER_NONNULL = YES;
				CLANG_ANALYZER_NUMBER_OBJECT_CONVERSION = YES_AGGRESSIVE;
				CLANG_CXX_LANGUAGE_STANDARD = "gnu++20";
				CLANG_ENABLE_MODULES = YES;
				CLANG_ENABLE_OBJC_ARC = YES;
				CLANG_ENABLE_OBJC_WEAK = YES;
				CLANG_WARN_BLOCK_CAPTURE_AUTORELEASING = YES;
				CLANG_WARN_BOOL_CONVERSION = YES;
				CLANG_WARN_COMMA = YES;
				CLANG_WARN_CONSTANT_CONVERSION = YES;
				CLANG_WARN_DEPRECATED_OBJC_IMPLEMENTATIONS = YES;
				CLANG_WARN_DIRECT_OBJC_ISA_USAGE = YES_ERROR;
				CLANG_WARN_DOCUMENTATION_COMMENTS = YES;
				CLANG_WARN_EMPTY_BODY = YES;
				CLANG_WARN_ENUM_CONVERSION = YES;
				CLANG_WARN_INFINITE_RECURSION = YES;
				CLANG_WARN_INT_CONVERSION = YES;
				CLANG_WARN_NON_LITERAL_NULL_CONVERSION = YES;
				CLANG_WARN_OBJC_IMPLICIT_RETAIN_SELF = YES;
				CLANG_WARN_OBJC_LITERAL_CONVERSION = YES;
				CLANG_WARN_OBJC_ROOT_CLASS = YES_ERROR;
				CLANG_WARN_QUOTED_INCLUDE_IN_FRAMEWORK_HEADER = YES;
				CLANG_WARN_RANGE_LOOP_ANALYSIS = YES;
				CLANG_WARN_STRICT_PROTOTYPES = YES;
				CLANG_WARN_SUSPICIOUS_MOVE = YES;
				CLANG_WARN_UNGUARDED_AVAILABILITY = YES_AGGRESSIVE;
				CLANG_WARN_UNREACHABLE_CODE = YES;
				CLANG_WARN__DUPLICATE_METHOD_MATCH = YES;
				COPY_PHASE_STRIP = NO;
				DEBUG_INFORMATION_FORMAT = dwarf;
				ENABLE_STRICT_OBJC_MSGSEND = YES;
				ENABLE_TESTABILITY = YES;
				GCC_C_LANGUAGE_STANDARD = gnu11;
				GCC_DYNAMIC_NO_PIC = NO;
				GCC_NO_COMMON_BLOCKS = YES;
				GCC_OPTIMIZATION_LEVEL = 0;
				GCC_PREPROCESSOR_DEFINITIONS = (
					"DEBUG=1",
					"$(inherited)",
				);
				GCC_WARN_64_TO_32_BIT_CONVERSION = YES;
				GCC_WARN_ABOUT_RETURN_TYPE = YES_ERROR;
				GCC_WARN_UNDECLARED_SELECTOR = YES;
				GCC_WARN_UNINITIALIZED_AUTOS = YES_AGGRESSIVE;
				GCC_WARN_UNUSED_FUNCTION = YES;
				GCC_WARN_UNUSED_VARIABLE = YES;
				IPHONEOS_DEPLOYMENT_TARGET = 16.4;
				MTL_ENABLE_DEBUG_INFO = INCLUDE_SOURCE;
				MTL_FAST_MATH = YES;
				ONLY_ACTIVE_ARCH = YES;
				SDKROOT = iphoneos;
				SWIFT_ACTIVE_COMPILATION_CONDITIONS = DEBUG;
				SWIFT_OPTIMIZATION_LEVEL = "-Onone";
			};
			name = Debug;
		};
		E9B0A9802A5ED28D00140A49 /* Release */ = {
			isa = XCBuildConfiguration;
			buildSettings = {
				ALWAYS_SEARCH_USER_PATHS = NO;
				CLANG_ANALYZER_NONNULL = YES;
				CLANG_ANALYZER_NUMBER_OBJECT_CONVERSION = YES_AGGRESSIVE;
				CLANG_CXX_LANGUAGE_STANDARD = "gnu++20";
				CLANG_ENABLE_MODULES = YES;
				CLANG_ENABLE_OBJC_ARC = YES;
				CLANG_ENABLE_OBJC_WEAK = YES;
				CLANG_WARN_BLOCK_CAPTURE_AUTORELEASING = YES;
				CLANG_WARN_BOOL_CONVERSION = YES;
				CLANG_WARN_COMMA = YES;
				CLANG_WARN_CONSTANT_CONVERSION = YES;
				CLANG_WARN_DEPRECATED_OBJC_IMPLEMENTATIONS = YES;
				CLANG_WARN_DIRECT_OBJC_ISA_USAGE = YES_ERROR;
				CLANG_WARN_DOCUMENTATION_COMMENTS = YES;
				CLANG_WARN_EMPTY_BODY = YES;
				CLANG_WARN_ENUM_CONVERSION = YES;
				CLANG_WARN_INFINITE_RECURSION = YES;
				CLANG_WARN_INT_CONVERSION = YES;
				CLANG_WARN_NON_LITERAL_NULL_CONVERSION = YES;
				CLANG_WARN_OBJC_IMPLICIT_RETAIN_SELF = YES;
				CLANG_WARN_OBJC_LITERAL_CONVERSION = YES;
				CLANG_WARN_OBJC_ROOT_CLASS = YES_ERROR;
				CLANG_WARN_QUOTED_INCLUDE_IN_FRAMEWORK_HEADER = YES;
				CLANG_WARN_RANGE_LOOP_ANALYSIS = YES;
				CLANG_WARN_STRICT_PROTOTYPES = YES;
				CLANG_WARN_SUSPICIOUS_MOVE = YES;
				CLANG_WARN_UNGUARDED_AVAILABILITY = YES_AGGRESSIVE;
				CLANG_WARN_UNREACHABLE_CODE = YES;
				CLANG_WARN__DUPLICATE_METHOD_MATCH = YES;
				COPY_PHASE_STRIP = NO;
				DEBUG_INFORMATION_FORMAT = "dwarf-with-dsym";
				ENABLE_NS_ASSERTIONS = NO;
				ENABLE_STRICT_OBJC_MSGSEND = YES;
				GCC_C_LANGUAGE_STANDARD = gnu11;
				GCC_NO_COMMON_BLOCKS = YES;
				GCC_WARN_64_TO_32_BIT_CONVERSION = YES;
				GCC_WARN_ABOUT_RETURN_TYPE = YES_ERROR;
				GCC_WARN_UNDECLARED_SELECTOR = YES;
				GCC_WARN_UNINITIALIZED_AUTOS = YES_AGGRESSIVE;
				GCC_WARN_UNUSED_FUNCTION = YES;
				GCC_WARN_UNUSED_VARIABLE = YES;
				IPHONEOS_DEPLOYMENT_TARGET = 16.4;
				MTL_ENABLE_DEBUG_INFO = NO;
				MTL_FAST_MATH = YES;
				SDKROOT = iphoneos;
				SWIFT_COMPILATION_MODE = wholemodule;
				SWIFT_OPTIMIZATION_LEVEL = "-O";
				VALIDATE_PRODUCT = YES;
			};
			name = Release;
		};
		E9B0A9822A5ED28D00140A49 /* Debug */ = {
			isa = XCBuildConfiguration;
			buildSettings = {
				ASSETCATALOG_COMPILER_APPICON_NAME = AppIcon;
				ASSETCATALOG_COMPILER_GLOBAL_ACCENT_COLOR_NAME = AccentColor;
				CODE_SIGN_STYLE = Automatic;
				CURRENT_PROJECT_VERSION = 1;
				DEVELOPMENT_TEAM = HMDHM6A3PV;
				GENERATE_INFOPLIST_FILE = YES;
				INFOPLIST_FILE = BatThree/Info.plist;
				INFOPLIST_KEY_UIApplicationSupportsIndirectInputEvents = YES;
				INFOPLIST_KEY_UILaunchStoryboardName = LaunchScreen;
				INFOPLIST_KEY_UIMainStoryboardFile = Main;
				INFOPLIST_KEY_UISupportedInterfaceOrientations_iPad = "UIInterfaceOrientationPortrait UIInterfaceOrientationPortraitUpsideDown UIInterfaceOrientationLandscapeLeft UIInterfaceOrientationLandscapeRight";
				INFOPLIST_KEY_UISupportedInterfaceOrientations_iPhone = "UIInterfaceOrientationPortrait UIInterfaceOrientationLandscapeLeft UIInterfaceOrientationLandscapeRight";
				LD_RUNPATH_SEARCH_PATHS = (
					"$(inherited)",
					"@executable_path/Frameworks",
				);
				MARKETING_VERSION = 1.0;
				PRODUCT_BUNDLE_IDENTIFIER = com.BatThree;
				PRODUCT_NAME = "$(TARGET_NAME)";
				SWIFT_EMIT_LOC_STRINGS = YES;
				SWIFT_VERSION = 5.0;
				TARGETED_DEVICE_FAMILY = "1,2";
			};
			name = Debug;
		};
		E9B0A9832A5ED28D00140A49 /* Release */ = {
			isa = XCBuildConfiguration;
			buildSettings = {
				ASSETCATALOG_COMPILER_APPICON_NAME = AppIcon;
				ASSETCATALOG_COMPILER_GLOBAL_ACCENT_COLOR_NAME = AccentColor;
				CODE_SIGN_STYLE = Automatic;
				CURRENT_PROJECT_VERSION = 1;
				DEVELOPMENT_TEAM = HMDHM6A3PV;
				GENERATE_INFOPLIST_FILE = YES;
				INFOPLIST_FILE = BatThree/Info.plist;
				INFOPLIST_KEY_UIApplicationSupportsIndirectInputEvents = YES;
				INFOPLIST_KEY_UILaunchStoryboardName = LaunchScreen;
				INFOPLIST_KEY_UIMainStoryboardFile = Main;
				INFOPLIST_KEY_UISupportedInterfaceOrientations_iPad = "UIInterfaceOrientationPortrait UIInterfaceOrientationPortraitUpsideDown UIInterfaceOrientationLandscapeLeft UIInterfaceOrientationLandscapeRight";
				INFOPLIST_KEY_UISupportedInterfaceOrientations_iPhone = "UIInterfaceOrientationPortrait UIInterfaceOrientationLandscapeLeft UIInterfaceOrientationLandscapeRight";
				LD_RUNPATH_SEARCH_PATHS = (
					"$(inherited)",
					"@executable_path/Frameworks",
				);
				MARKETING_VERSION = 1.0;
				PRODUCT_BUNDLE_IDENTIFIER = com.BatThree;
				PRODUCT_NAME = "$(TARGET_NAME)";
				SWIFT_EMIT_LOC_STRINGS = YES;
				SWIFT_VERSION = 5.0;
				TARGETED_DEVICE_FAMILY = "1,2";
			};
			name = Release;
		};
		E9B0A9852A5ED28D00140A49 /* Debug */ = {
			isa = XCBuildConfiguration;
			buildSettings = {
				ALWAYS_EMBED_SWIFT_STANDARD_LIBRARIES = YES;
				BUNDLE_LOADER = "$(TEST_HOST)";
				CODE_SIGN_STYLE = Automatic;
				CURRENT_PROJECT_VERSION = 1;
				DEVELOPMENT_TEAM = HMDHM6A3PV;
				GENERATE_INFOPLIST_FILE = YES;
				IPHONEOS_DEPLOYMENT_TARGET = 16.4;
				MARKETING_VERSION = 1.0;
				PRODUCT_BUNDLE_IDENTIFIER = com.BatThreeTests;
				PRODUCT_NAME = "$(TARGET_NAME)";
				SWIFT_EMIT_LOC_STRINGS = NO;
				SWIFT_VERSION = 5.0;
				TARGETED_DEVICE_FAMILY = "1,2";
				TEST_HOST = "$(BUILT_PRODUCTS_DIR)/BatThree.app/$(BUNDLE_EXECUTABLE_FOLDER_PATH)/BatThree";
			};
			name = Debug;
		};
		E9B0A9862A5ED28D00140A49 /* Release */ = {
			isa = XCBuildConfiguration;
			buildSettings = {
				ALWAYS_EMBED_SWIFT_STANDARD_LIBRARIES = YES;
				BUNDLE_LOADER = "$(TEST_HOST)";
				CODE_SIGN_STYLE = Automatic;
				CURRENT_PROJECT_VERSION = 1;
				DEVELOPMENT_TEAM = HMDHM6A3PV;
				GENERATE_INFOPLIST_FILE = YES;
				IPHONEOS_DEPLOYMENT_TARGET = 16.4;
				MARKETING_VERSION = 1.0;
				PRODUCT_BUNDLE_IDENTIFIER = com.BatThreeTests;
				PRODUCT_NAME = "$(TARGET_NAME)";
				SWIFT_EMIT_LOC_STRINGS = NO;
				SWIFT_VERSION = 5.0;
				TARGETED_DEVICE_FAMILY = "1,2";
				TEST_HOST = "$(BUILT_PRODUCTS_DIR)/BatThree.app/$(BUNDLE_EXECUTABLE_FOLDER_PATH)/BatThree";
			};
			name = Release;
		};
		E9B0A9882A5ED28D00140A49 /* Debug */ = {
			isa = XCBuildConfiguration;
			buildSettings = {
				ALWAYS_EMBED_SWIFT_STANDARD_LIBRARIES = YES;
				CODE_SIGN_STYLE = Automatic;
				CURRENT_PROJECT_VERSION = 1;
				DEVELOPMENT_TEAM = HMDHM6A3PV;
				GENERATE_INFOPLIST_FILE = YES;
				MARKETING_VERSION = 1.0;
				PRODUCT_BUNDLE_IDENTIFIER = com.BatThreeUITests;
				PRODUCT_NAME = "$(TARGET_NAME)";
				SWIFT_EMIT_LOC_STRINGS = NO;
				SWIFT_VERSION = 5.0;
				TARGETED_DEVICE_FAMILY = "1,2";
				TEST_TARGET_NAME = BatThree;
			};
			name = Debug;
		};
		E9B0A9892A5ED28D00140A49 /* Release */ = {
			isa = XCBuildConfiguration;
			buildSettings = {
				ALWAYS_EMBED_SWIFT_STANDARD_LIBRARIES = YES;
				CODE_SIGN_STYLE = Automatic;
				CURRENT_PROJECT_VERSION = 1;
				DEVELOPMENT_TEAM = HMDHM6A3PV;
				GENERATE_INFOPLIST_FILE = YES;
				MARKETING_VERSION = 1.0;
				PRODUCT_BUNDLE_IDENTIFIER = com.BatThreeUITests;
				PRODUCT_NAME = "$(TARGET_NAME)";
				SWIFT_EMIT_LOC_STRINGS = NO;
				SWIFT_VERSION = 5.0;
				TARGETED_DEVICE_FAMILY = "1,2";
				TEST_TARGET_NAME = BatThree;
			};
			name = Release;
		};
/* End XCBuildConfiguration section */

/* Begin XCConfigurationList section */
		E9B0A9522A5ED28C00140A49 /* Build configuration list for PBXProject "BatThree" */ = {
			isa = XCConfigurationList;
			buildConfigurations = (
				E9B0A97F2A5ED28D00140A49 /* Debug */,
				E9B0A9802A5ED28D00140A49 /* Release */,
			);
			defaultConfigurationIsVisible = 0;
			defaultConfigurationName = Release;
		};
		E9B0A9812A5ED28D00140A49 /* Build configuration list for PBXNativeTarget "BatThree" */ = {
			isa = XCConfigurationList;
			buildConfigurations = (
				E9B0A9822A5ED28D00140A49 /* Debug */,
				E9B0A9832A5ED28D00140A49 /* Release */,
			);
			defaultConfigurationIsVisible = 0;
			defaultConfigurationName = Release;
		};
		E9B0A9842A5ED28D00140A49 /* Build configuration list for PBXNativeTarget "BatThreeTests" */ = {
			isa = XCConfigurationList;
			buildConfigurations = (
				E9B0A9852A5ED28D00140A49 /* Debug */,
				E9B0A9862A5ED28D00140A49 /* Release */,
			);
			defaultConfigurationIsVisible = 0;
			defaultConfigurationName = Release;
		};
		E9B0A9872A5ED28D00140A49 /* Build configuration list for PBXNativeTarget "BatThreeUITests" */ = {
			isa = XCConfigurationList;
			buildConfigurations = (
				E9B0A9882A5ED28D00140A49 /* Debug */,
				E9B0A9892A5ED28D00140A49 /* Release */,
			);
			defaultConfigurationIsVisible = 0;
			defaultConfigurationName = Release;
		};
/* End XCConfigurationList section */
	};
	rootObject = E9B0A94F2A5ED28C00140A49 /* Project object */;
}
